
Microsoft Visual Studio Solution File, Format Version 12.00
# Visual Studio Version 17
VisualStudioVersion = 17.14.36811.4 d17.14
MinimumVisualStudioVersion = 10.0.40219.1
Project("{FAE04EC0-301F-11D3-BF4B-00C04F79EFBC}") = "ProposalStudio", "ProposalStudio.csproj", "{B810FE76-89C8-4437-9D6C-6E9A49B88E70}"
EndProject
Global
	GlobalSection(SolutionConfigurationPlatforms) = preSolution
		Debug|Any CPU = Debug|Any CPU
		Release|Any CPU = Release|Any CPU
	EndGlobalSection
	GlobalSection(ProjectConfigurationPlatforms) = postSolution
		{B810FE76-89C8-4437-9D6C-6E9A49B88E70}.Debug|Any CPU.ActiveCfg = Debug|Any CPU
		{B810FE76-89C8-4437-9D6C-6E9A49B88E70}.Debug|Any CPU.Build.0 = Debug|Any CPU
		{B810FE76-89C8-4437-9D6C-6E9A49B88E70}.Release|Any CPU.ActiveCfg = Release|Any CPU
		{B810FE76-89C8-4437-9D6C-6E9A49B88E70}.Release|Any CPU.Build.0 = Release|Any CPU
	EndGlobalSection
	GlobalSection(SolutionProperties) = preSolution
		HideSolutionNode = FALSE
	EndGlobalSection
	GlobalSection(ExtensibilityGlobals) = postSolution
		SolutionGuid = {458B216B-0CCB-47C1-B9BA-BF649FC32C82}
	EndGlobalSection
EndGlobal
